
Microsoft Visual Studio Solution File, Format Version 12.00
# Visual Studio Version 17
VisualStudioVersion = 17.14.36717.8
MinimumVisualStudioVersion = 10.0.40219.1
Project("{FAE04EC0-301F-11D3-BF4B-00C04F79EFBC}") = "Lab1_4", "Lab1_4\Lab1_4.csproj", "{E11A2F56-90A1-44AA-B956-F2D0C3ED7901}"
EndProject
Project("{FAE04EC0-301F-11D3-BF4B-00C04F79EFBC}") = "Lab2_1", "Lab2_1\Lab2_1.csproj", "{111D5294-2BAB-4220-8825-6E04C57344A6}"
EndProject
Project("{FAE04EC0-301F-11D3-BF4B-00C04F79EFBC}") = "Lab1_1", "Lab1_1\Lab1_1.csproj", "{EC2F1AC0-0363-4C15-9B88-AC010FC43CF5}"
EndProject
Global
	GlobalSection(SolutionConfigurationPlatforms) = preSolution
		Debug|Any CPU = Debug|Any CPU
		Release|Any CPU = Release|Any CPU
	EndGlobalSection
	GlobalSection(ProjectConfigurationPlatforms) = postSolution
		{E11A2F56-90A1-44AA-B956-F2D0C3ED7901}.Debug|Any CPU.ActiveCfg = Debug|Any CPU
		{E11A2F56-90A1-44AA-B956-F2D0C3ED7901}.Debug|Any CPU.Build.0 = Debug|Any CPU
		{E11A2F56-90A1-44AA-B956-F2D0C3ED7901}.Release|Any CPU.ActiveCfg = Release|Any CPU
		{E11A2F56-90A1-44AA-B956-F2D0C3ED7901}.Release|Any CPU.Build.0 = Release|Any CPU
		{111D5294-2BAB-4220-8825-6E04C57344A6}.Debug|Any CPU.ActiveCfg = Debug|Any CPU
		{111D5294-2BAB-4220-8825-6E04C57344A6}.Debug|Any CPU.Build.0 = Debug|Any CPU
		{111D5294-2BAB-4220-8825-6E04C57344A6}.Release|Any CPU.ActiveCfg = Release|Any CPU
		{111D5294-2BAB-4220-8825-6E04C57344A6}.Release|Any CPU.Build.0 = Release|Any CPU
		{EC2F1AC0-0363-4C15-9B88-AC010FC43CF5}.Debug|Any CPU.ActiveCfg = Debug|Any CPU
		{EC2F1AC0-0363-4C15-9B88-AC010FC43CF5}.Debug|Any CPU.Build.0 = Debug|Any CPU
		{EC2F1AC0-0363-4C15-9B88-AC010FC43CF5}.Release|Any CPU.ActiveCfg = Release|Any CPU
		{EC2F1AC0-0363-4C15-9B88-AC010FC43CF5}.Release|Any CPU.Build.0 = Release|Any CPU
	EndGlobalSection
	GlobalSection(SolutionProperties) = preSolution
		HideSolutionNode = FALSE
	EndGlobalSection
	GlobalSection(ExtensibilityGlobals) = postSolution
		SolutionGuid = {205024D0-1DFD-4A0E-B9F3-710E13DE96C9}
	EndGlobalSection
EndGlobal
